// !$*UTF8*$!
{
	archiveVersion = 1;
	classes = {
	};
	objectVersion = 50;
	objects = {

/* Begin PBXBuildFile section */
		F6134536231EEA9E0064658B /* AppDelegate.swift in Sources */ = {isa = PBXBuildFile; fileRef = F6134535231EEA9E0064658B /* AppDelegate.swift */; };
		F6134538231EEA9E0064658B /* SceneDelegate.swift in Sources */ = {isa = PBXBuildFile; fileRef = F6134537231EEA9E0064658B /* SceneDelegate.swift */; };
		F613453A231EEA9E0064658B /* ViewController.swift in Sources */ = {isa = PBXBuildFile; fileRef = F6134539231EEA9E0064658B /* ViewController.swift */; };
		F613453D231EEA9E0064658B /* Main.storyboard in Resources */ = {isa = PBXBuildFile; fileRef = F613453B231EEA9E0064658B /* Main.storyboard */; };
		F613453F231EEA9F0064658B /* Assets.xcassets in Resources */ = {isa = PBXBuildFile; fileRef = F613453E231EEA9F0064658B /* Assets.xcassets */; };
		F6134542231EEA9F0064658B /* LaunchScreen.storyboard in Resources */ = {isa = PBXBuildFile; fileRef = F6134540231EEA9F0064658B /* LaunchScreen.storyboard */; };
		F6E911BA23218E430053FD1D /* mapViewController.swift in Sources */ = {isa = PBXBuildFile; fileRef = F6E911B923218E430053FD1D /* mapViewController.swift */; };
/* End PBXBuildFile section */

/* Begin PBXFileReference section */
		F6134532231EEA9E0064658B /* DivvyBike.app */ = {isa = PBXFileReference; explicitFileType = wrapper.application; includeInIndex = 0; path = DivvyBike.app; sourceTree = BUILT_PRODUCTS_DIR; };
		F6134535231EEA9E0064658B /* AppDelegate.swift */ = {isa = PBXFileReference; lastKnownFileType = sourcecode.swift; path = AppDelegate.swift; sourceTree = "<group>"; };
		F6134537231EEA9E0064658B /* SceneDelegate.swift */ = {isa = PBXFileReference; lastKnownFileType = sourcecode.swift; path = SceneDelegate.swift; sourceTree = "<group>"; };
		F6134539231EEA9E0064658B /* ViewController.swift */ = {isa = PBXFileReference; lastKnownFileType = sourcecode.swift; path = ViewController.swift; sourceTree = "<group>"; };
		F613453C231EEA9E0064658B /* Base */ = {isa = PBXFileReference; lastKnownFileType = file.storyboard; name = Base; path = Base.lproj/Main.storyboard; sourceTree = "<group>"; };
		F613453E231EEA9F0064658B /* Assets.xcassets */ = {isa = PBXFileReference; lastKnownFileType = folder.assetcatalog; path = Assets.xcassets; sourceTree = "<group>"; };
		F6134541231EEA9F0064658B /* Base */ = {isa = PBXFileReference; lastKnownFileType = file.storyboard; name = Base; path = Base.lproj/LaunchScreen.storyboard; sourceTree = "<group>"; };
		F6134543231EEA9F0064658B /* Info.plist */ = {isa = PBXFileReference; lastKnownFileType = text.plist.xml; path = Info.plist; sourceTree = "<group>"; };
		F6E911B923218E430053FD1D /* mapViewController.swift */ = {isa = PBXFileReference; lastKnownFileType = sourcecode.swift; path = mapViewController.swift; sourceTree = "<group>"; };
/* End PBXFileReference section */

/* Begin PBXFrameworksBuildPhase section */
		F613452F231EEA9E0064658B /* Frameworks */ = {
			isa = PBXFrameworksBuildPhase;
			buildActionMask = 2147483647;
			files = (
			);
			runOnlyForDeploymentPostprocessing = 0;
		};
/* End PBXFrameworksBuildPhase section */

/* Begin PBXGroup section */
		F6134529231EEA9E0064658B = {
			isa = PBXGroup;
			children = (
				F6134534231EEA9E0064658B /* DivvyBike */,
				F6134533231EEA9E0064658B /* Products */,
			);
			sourceTree = "<group>";
		};
		F6134533231EEA9E0064658B /* Products */ = {
			isa = PBXGroup;
			children = (
				F6134532231EEA9E0064658B /* DivvyBike.app */,
			);
			name = Products;
			sourceTree = "<group>";
		};
		F6134534231EEA9E0064658B /* DivvyBike */ = {
			isa = PBXGroup;
			children = (
				F6134535231EEA9E0064658B /* AppDelegate.swift */,
				F6134537231EEA9E0064658B /* SceneDelegate.swift */,
				F6134539231EEA9E0064658B /* ViewController.swift */,
				F613453B231EEA9E0064658B /* Main.storyboard */,
				F613453E231EEA9F0064658B /* Assets.xcassets */,
				F6134540231EEA9F0064658B /* LaunchScreen.storyboard */,
				F6134543231EEA9F0064658B /* Info.plist */,
				F6E911B923218E430053FD1D /* mapViewController.swift */,
			);
			path = DivvyBike;
			sourceTree = "<group>";
		};
/* End PBXGroup section */

/* Begin PBXNativeTarget section */
		F6134531231EEA9E0064658B /* DivvyBike */ = {
			isa = PBXNativeTarget;
			buildConfigurationList = F6134546231EEA9F0064658B /* Build configuration list for PBXNativeTarget "DivvyBike" */;
			buildPhases = (
				F613452E231EEA9E0064658B /* Sources */,
				F613452F231EEA9E0064658B /* Frameworks */,
				F6134530231EEA9E0064658B /* Resources */,
			);
			buildRules = (
			);
			dependencies = (
			);
			name = DivvyBike;
			productName = DivvyBike;
			productReference = F6134532231EEA9E0064658B /* DivvyBike.app */;
			productType = "com.apple.product-type.application";
		};
/* End PBXNativeTarget section */

/* Begin PBXProject section */
		F613452A231EEA9E0064658B /* Project object */ = {
			isa = PBXProject;
			attributes = {
				LastSwiftUpdateCheck = 1100;
				LastUpgradeCheck = 1100;
				ORGANIZATIONNAME = "John Hersey High School";
				TargetAttributes = {
					F6134531231EEA9E0064658B = {
						CreatedOnToolsVersion = 11.0;
					};
				};
			};
			buildConfigurationList = F613452D231EEA9E0064658B /* Build configuration list for PBXProject "DivvyBike" */;
			compatibilityVersion = "Xcode 9.3";
			developmentRegion = en;
			hasScannedForEncodings = 0;
			knownRegions = (
				en,
				Base,
			);
			mainGroup = F6134529231EEA9E0064658B;
			productRefGroup = F6134533231EEA9E0064658B /* Products */;
			projectDirPath = "";
			projectRoot = "";
			targets = (
				F6134531231EEA9E0064658B /* DivvyBike */,
			);
		};
/* End PBXProject section */

/* Begin PBXResourcesBuildPhase section */
		F6134530231EEA9E0064658B /* Resources */ = {
			isa = PBXResourcesBuildPhase;
			buildActionMask = 2147483647;
			files = (
				F6134542231EEA9F0064658B /* LaunchScreen.storyboard in Resources */,
				F613453F231EEA9F0064658B /* Assets.xcassets in Resources */,
				F613453D231EEA9E0064658B /* Main.storyboard in Resources */,
			);
			runOnlyForDeploymentPostprocessing = 0;
		};
/* End PBXResourcesBuildPhase section */

/* Begin PBXSourcesBuildPhase section */
		F613452E231EEA9E0064658B /* Sources */ = {
			isa = PBXSourcesBuildPhase;
			buildActionMask = 2147483647;
			files = (
				F613453A231EEA9E0064658B /* ViewController.swift in Sources */,
				F6134536231EEA9E0064658B /* AppDelegate.swift in Sources */,
				F6134538231EEA9E0064658B /* SceneDelegate.swift in Sources */,
				F6E911BA23218E430053FD1D /* mapViewController.swift in Sources */,
			);
			runOnlyForDeploymentPostprocessing = 0;
		};
/* End PBXSourcesBuildPhase section */

/* Begin PBXVariantGroup section */
		F613453B231EEA9E0064658B /* Main.storyboard */ = {
			isa = PBXVariantGroup;
			children = (
				F613453C231EEA9E0064658B /* Base */,
			);
			name = Main.storyboard;
			sourceTree = "<group>";
		};
		F6134540231EEA9F0064658B /* LaunchScreen.storyboard */ = {
			isa = PBXVariantGroup;
			children = (
				F6134541231EEA9F0064658B /* Base */,
			);
			name = LaunchScreen.storyboard;
			sourceTree = "<group>";
		};
/* End PBXVariantGroup section */

/* Begin XCBuildConfiguration section */
		F6134544231EEA9F0064658B /* Debug */ = {
			isa = XCBuildConfiguration;
			buildSettings = {
				ALWAYS_SEARCH_USER_PATHS = NO;
				CLANG_ANALYZER_NONNULL = YES;
				CLANG_ANALYZER_NUMBER_OBJECT_CONVERSION = YES_AGGRESSIVE;
				CLANG_CXX_LANGUAGE_STANDARD = "gnu++14";
				CLANG_CXX_LIBRARY = "libc++";
				CLANG_ENABLE_MODULES = YES;
				CLANG_ENABLE_OBJC_ARC = YES;
				CLANG_ENABLE_OBJC_WEAK = YES;
				CLANG_WARN_BLOCK_CAPTURE_AUTORELEASING = YES;
				CLANG_WARN_BOOL_CONVERSION = YES;
				CLANG_WARN_COMMA = YES;
				CLANG_WARN_CONSTANT_CONVERSION = YES;
				CLANG_WARN_DEPRECATED_OBJC_IMPLEMENTATIONS = YES;
				CLANG_WARN_DIRECT_OBJC_ISA_USAGE = YES_ERROR;
				CLANG_WARN_DOCUMENTATION_COMMENTS = YES;
				CLANG_WARN_EMPTY_BODY = YES;
				CLANG_WARN_ENUM_CONVERSION = YES;
				CLANG_WARN_INFINITE_RECURSION = YES;
				CLANG_WARN_INT_CONVERSION = YES;
				CLANG_WARN_NON_LITERAL_NULL_CONVERSION = YES;
				CLANG_WARN_OBJC_IMPLICIT_RETAIN_SELF = YES;
				CLANG_WARN_OBJC_LITERAL_CONVERSION = YES;
				CLANG_WARN_OBJC_ROOT_CLASS = YES_ERROR;
				CLANG_WARN_RANGE_LOOP_ANALYSIS = YES;
				CLANG_WARN_STRICT_PROTOTYPES = YES;
				CLANG_WARN_SUSPICIOUS_MOVE = YES;
				CLANG_WARN_UNGUARDED_AVAILABILITY = YES_AGGRESSIVE;
				CLANG_WARN_UNREACHABLE_CODE = YES;
				CLANG_WARN__DUPLICATE_METHOD_MATCH = YES;
				COPY_PHASE_STRIP = NO;
				DEBUG_INFORMATION_FORMAT = dwarf;
				ENABLE_STRICT_OBJC_MSGSEND = YES;
				ENABLE_TESTABILITY = YES;
				GCC_C_LANGUAGE_STANDARD = gnu11;
				GCC_DYNAMIC_NO_PIC = NO;
				GCC_NO_COMMON_BLOCKS = YES;
				GCC_OPTIMIZATION_LEVEL = 0;
				GCC_PREPROCESSOR_DEFINITIONS = (
					"DEBUG=1",
					"$(inherited)",
				);
				GCC_WARN_64_TO_32_BIT_CONVERSION = YES;
				GCC_WARN_ABOUT_RETURN_TYPE = YES_ERROR;
				GCC_WARN_UNDECLARED_SELECTOR = YES;
				GCC_WARN_UNINITIALIZED_AUTOS = YES_AGGRESSIVE;
				GCC_WARN_UNUSED_FUNCTION = YES;
				GCC_WARN_UNUSED_VARIABLE = YES;
				IPHONEOS_DEPLOYMENT_TARGET = 13.0;
				MTL_ENABLE_DEBUG_INFO = INCLUDE_SOURCE;
				MTL_FAST_MATH = YES;
				ONLY_ACTIVE_ARCH = YES;
				SDKROOT = iphoneos;
				SWIFT_ACTIVE_COMPILATION_CONDITIONS = DEBUG;
				SWIFT_OPTIMIZATION_LEVEL = "-Onone";
			};
			name = Debug;
		};
		F6134545231EEA9F0064658B /* Release */ = {
			isa = XCBuildConfiguration;
			buildSettings = {
				ALWAYS_SEARCH_USER_PATHS = NO;
				CLANG_ANALYZER_NONNULL = YES;
				CLANG_ANALYZER_NUMBER_OBJECT_CONVERSION = YES_AGGRESSIVE;
				CLANG_CXX_LANGUAGE_STANDARD = "gnu++14";
				CLANG_CXX_LIBRARY = "libc++";
				CLANG_ENABLE_MODULES = YES;
				CLANG_ENABLE_OBJC_ARC = YES;
				CLANG_ENABLE_OBJC_WEAK = YES;
				CLANG_WARN_BLOCK_CAPTURE_AUTORELEASING = YES;
				CLANG_WARN_BOOL_CONVERSION = YES;
				CLANG_WARN_COMMA = YES;
				CLANG_WARN_CONSTANT_CONVERSION = YES;
				CLANG_WARN_DEPRECATED_OBJC_IMPLEMENTATIONS = YES;
				CLANG_WARN_DIRECT_OBJC_ISA_USAGE = YES_ERROR;
				CLANG_WARN_DOCUMENTATION_COMMENTS = YES;
				CLANG_WARN_EMPTY_BODY = YES;
				CLANG_WARN_ENUM_CONVERSION = YES;
				CLANG_WARN_INFINITE_RECURSION = YES;
				CLANG_WARN_INT_CONVERSION = YES;
				CLANG_WARN_NON_LITERAL_NULL_CONVERSION = YES;
				CLANG_WARN_OBJC_IMPLICIT_RETAIN_SELF = YES;
				CLANG_WARN_OBJC_LITERAL_CONVERSION = YES;
				CLANG_WARN_OBJC_ROOT_CLASS = YES_ERROR;
				CLANG_WARN_RANGE_LOOP_ANALYSIS = YES;
				CLANG_WARN_STRICT_PROTOTYPES = YES;
				CLANG_WARN_SUSPICIOUS_MOVE = YES;
				CLANG_WARN_UNGUARDED_AVAILABILITY = YES_AGGRESSIVE;
				CLANG_WARN_UNREACHABLE_CODE = YES;
				CLANG_WARN__DUPLICATE_METHOD_MATCH = YES;
				COPY_PHASE_STRIP = NO;
				DEBUG_INFORMATION_FORMAT = "dwarf-with-dsym";
				ENABLE_NS_ASSERTIONS = NO;
				ENABLE_STRICT_OBJC_MSGSEND = YES;
				GCC_C_LANGUAGE_STANDARD = gnu11;
				GCC_NO_COMMON_BLOCKS = YES;
				GCC_WARN_64_TO_32_BIT_CONVERSION = YES;
				GCC_WARN_ABOUT_RETURN_TYPE = YES_ERROR;
				GCC_WARN_UNDECLARED_SELECTOR = YES;
				GCC_WARN_UNINITIALIZED_AUTOS = YES_AGGRESSIVE;
				GCC_WARN_UNUSED_FUNCTION = YES;
				GCC_WARN_UNUSED_VARIABLE = YES;
				IPHONEOS_DEPLOYMENT_TARGET = 13.0;
				MTL_ENABLE_DEBUG_INFO = NO;
				MTL_FAST_MATH = YES;
				SDKROOT = iphoneos;
				SWIFT_COMPILATION_MODE = wholemodule;
				SWIFT_OPTIMIZATION_LEVEL = "-O";
				VALIDATE_PRODUCT = YES;
			};
			name = Release;
		};
		F6134547231EEA9F0064658B /* Debug */ = {
			isa = XCBuildConfiguration;
			buildSettings = {
				ASSETCATALOG_COMPILER_APPICON_NAME = AppIcon;
				CODE_SIGN_STYLE = Automatic;
				DEVELOPMENT_TEAM = TJ6C42LGV2;
				INFOPLIST_FILE = DivvyBike/Info.plist;
				LD_RUNPATH_SEARCH_PATHS = (
					"$(inherited)",
					"@executable_path/Frameworks",
				);
				PRODUCT_BUNDLE_IDENTIFIER = org.d214.jhhs.822192.DivvyBike;
				PRODUCT_NAME = "$(TARGET_NAME)";
				SWIFT_VERSION = 5.0;
				TARGETED_DEVICE_FAMILY = "1,2";
			};
			name = Debug;
		};
		F6134548231EEA9F0064658B /* Release */ = {
			isa = XCBuildConfiguration;
			buildSettings = {
				ASSETCATALOG_COMPILER_APPICON_NAME = AppIcon;
				CODE_SIGN_STYLE = Automatic;
				DEVELOPMENT_TEAM = TJ6C42LGV2;
				INFOPLIST_FILE = DivvyBike/Info.plist;
				LD_RUNPATH_SEARCH_PATHS = (
					"$(inherited)",
					"@executable_path/Frameworks",
				);
				PRODUCT_BUNDLE_IDENTIFIER = org.d214.jhhs.822192.DivvyBike;
				PRODUCT_NAME = "$(TARGET_NAME)";
				SWIFT_VERSION = 5.0;
				TARGETED_DEVICE_FAMILY = "1,2";
			};
			name = Release;
		};
/* End XCBuildConfiguration section */

/* Begin XCConfigurationList section */
		F613452D231EEA9E0064658B /* Build configuration list for PBXProject "DivvyBike" */ = {
			isa = XCConfigurationList;
			buildConfigurations = (
				F6134544231EEA9F0064658B /* Debug */,
				F6134545231EEA9F0064658B /* Release */,
			);
			defaultConfigurationIsVisible = 0;
			defaultConfigurationName = Release;
		};
		F6134546231EEA9F0064658B /* Build configuration list for PBXNativeTarget "DivvyBike" */ = {
			isa = XCConfigurationList;
			buildConfigurations = (
				F6134547231EEA9F0064658B /* Debug */,
				F6134548231EEA9F0064658B /* Release */,
			);
			defaultConfigurationIsVisible = 0;
			defaultConfigurationName = Release;
		};
/* End XCConfigurationList section */
	};
	rootObject = F613452A231EEA9E0064658B /* Project object */;
}
